
Microsoft Visual Studio Solution File, Format Version 12.00
# Visual Studio Version 17
VisualStudioVersion = 17.1.32421.90
MinimumVisualStudioVersion = 10.0.40219.1
Project("{FAE04EC0-301F-11D3-BF4B-00C04F79EFBC}") = "子端", "子端.csproj", "{193A9094-F3A7-4915-8A1E-CD20408D607D}"
EndProject
Global
	GlobalSection(SolutionConfigurationPlatforms) = preSolution
		Debug|Any CPU = Debug|Any CPU
		Release|Any CPU = Release|Any CPU
	EndGlobalSection
	GlobalSection(ProjectConfigurationPlatforms) = postSolution
		{193A9094-F3A7-4915-8A1E-CD20408D607D}.Debug|Any CPU.ActiveCfg = Debug|Any CPU
		{193A9094-F3A7-4915-8A1E-CD20408D607D}.Debug|Any CPU.Build.0 = Debug|Any CPU
		{193A9094-F3A7-4915-8A1E-CD20408D607D}.Release|Any CPU.ActiveCfg = Release|Any CPU
		{193A9094-F3A7-4915-8A1E-CD20408D607D}.Release|Any CPU.Build.0 = Release|Any CPU
	EndGlobalSection
	GlobalSection(SolutionProperties) = preSolution
		HideSolutionNode = FALSE
	EndGlobalSection
	GlobalSection(ExtensibilityGlobals) = postSolution
		SolutionGuid = {A2F5E677-2766-4FF2-A583-2C2699C46E02}
	EndGlobalSection
EndGlobal
